{
  "version": 4,
  "terraform_version": "1.7.4",
  "serial": 7,
  "lineage": "26dd8c08-bb92-f52e-f1ce-6795df77cfad",
  "outputs": {},
  "resources": [
    {
      "mode": "managed",
      "type": "local_file",
      "name": "exemplo",
      "provider": "provider[\"registry.terraform.io/hashicorp/local\"]",
      "instances": [
        {
          "schema_version": 0,
          "attributes": {
            "content": "My God",
            "content_base64": null,
            "content_base64sha256": "0MDTUjcioagtYxnsJBZ4nywJmXg90jwzSr5A+PnHfqo=",
            "content_base64sha512": "81MH3FV2zwNjJ3QueLYFcd4BZ1lzfMkobZY2ib/qXZwG1lui7/uE9iLV7Gay7hu5lj8PALb6sClnA9TRmIK6rQ==",
            "content_md5": "e7479583a0ae6bb49caf20c42022e622",
            "content_sha1": "103a8d97037905ee2786748cc369239c1f802743",
            "content_sha256": "d0c0d3523722a1a82d6319ec2416789f2c0999783dd23c334abe40f8f9c77eaa",
            "content_sha512": "f35307dc5576cf036327742e78b60571de016759737cc9286d963689bfea5d9c06d65ba2effb84f622d5ec66b2ee1bb9963f0f00b6fab0296703d4d19882baad",
            "directory_permission": "0777",
            "file_permission": "0777",
            "filename": "exemplo.txt",
            "id": "103a8d97037905ee2786748cc369239c1f802743",
            "sensitive_content": null,
            "source": null
          },
          "sensitive_attributes": []
        }
      ]
    }
  ],
  "check_results": null
}
