{
  "version": 4,
  "terraform_version": "1.7.4",
  "serial": 10,
  "lineage": "26dd8c08-bb92-f52e-f1ce-6795df77cfad",
  "outputs": {},
  "resources": [
    {
      "mode": "managed",
      "type": "local_file",
      "name": "exemplo",
      "provider": "provider[\"registry.terraform.io/hashicorp/local\"]",
      "instances": [
        {
          "schema_version": 0,
          "attributes": {
            "content": "Ouch",
            "content_base64": null,
            "content_base64sha256": "EFwHY14KScvnyIZ4WFh02d4KsRihO1BeTQnJ6Av/390=",
            "content_base64sha512": "/QxlOQwwNphX5VdLh8IbFqhgGxBgsr4vOXcOK1zBQmDw1Hpu6/nev1xnXdSL060oMk7vW+g3lIotnrEq/2kuTQ==",
            "content_md5": "11cd875078a39642de35ea775b58ee4c",
            "content_sha1": "a31f5ae53e9eebd65dd8a93c8ae2c61868b0dc81",
            "content_sha256": "105c07635e0a49cbe7c88678585874d9de0ab118a13b505e4d09c9e80bffdfdd",
            "content_sha512": "fd0c65390c30369857e5574b87c21b16a8601b1060b2be2f39770e2b5cc14260f0d47a6eebf9debf5c675dd48bd3ad28324eef5be837948a2d9eb12aff692e4d",
            "directory_permission": "0777",
            "file_permission": "0777",
            "filename": "exemplo.txt",
            "id": "a31f5ae53e9eebd65dd8a93c8ae2c61868b0dc81",
            "sensitive_content": null,
            "source": null
          },
          "sensitive_attributes": []
        }
      ]
    }
  ],
  "check_results": null
}
